
Microsoft Visual Studio Solution File, Format Version 12.00
# Visual Studio Version 16
VisualStudioVersion = 16.0.30523.141
MinimumVisualStudioVersion = 10.0.40219.1
Project("{F2A71F9B-5D33-465A-A702-920D77279786}") = "Cezar_cipher", "Cezar_cipher\Cezar_cipher.fsproj", "{DE6632EB-7498-4879-9BD1-7555E4B01B9D}"
EndProject
Global
	GlobalSection(SolutionConfigurationPlatforms) = preSolution
		Debug|Any CPU = Debug|Any CPU
		Release|Any CPU = Release|Any CPU
	EndGlobalSection
	GlobalSection(ProjectConfigurationPlatforms) = postSolution
		{DE6632EB-7498-4879-9BD1-7555E4B01B9D}.Debug|Any CPU.ActiveCfg = Debug|Any CPU
		{DE6632EB-7498-4879-9BD1-7555E4B01B9D}.Debug|Any CPU.Build.0 = Debug|Any CPU
		{DE6632EB-7498-4879-9BD1-7555E4B01B9D}.Release|Any CPU.ActiveCfg = Release|Any CPU
		{DE6632EB-7498-4879-9BD1-7555E4B01B9D}.Release|Any CPU.Build.0 = Release|Any CPU
	EndGlobalSection
	GlobalSection(SolutionProperties) = preSolution
		HideSolutionNode = FALSE
	EndGlobalSection
	GlobalSection(ExtensibilityGlobals) = postSolution
		SolutionGuid = {30116590-B00A-412A-85F0-D64F304FE834}
	EndGlobalSection
EndGlobal
